lockfileVersion: '9.0'

settings:
  autoInstallPeers: true
  excludeLinksFromLockfile: false

importers:
  .:
    devDependencies:
      '@types/node':
        specifier: ^24.12.2
        version: 24.12.2
      prettier:
        specifier: ^3.8.1
        version: 3.8.1

packages:
  '@types/node@24.12.2':
    resolution:
      {
        integrity: sha512-A1sre26ke7HDIuY/M23nd9gfB+nrmhtYyMINbjI1zHJxYteKR6qSMX56FsmjMcDb3SMcjJg5BiRRgOCC/yBD0g==,
      }

  prettier@3.8.1:
    resolution:
      {
        integrity: sha512-UOnG6LftzbdaHZcKoPFtOcCKztrQ57WkHDeRD9t/PTQtmT0NHSeWWepj6pS0z/N7+08BHFDQVUrfmfMRcZwbMg==,
      }
    engines: { node: '>=14' }
    hasBin: true

  undici-types@7.16.0:
    resolution:
      {
        integrity: sha512-Zz+aZWSj8LE6zoxD+xrjh4VfkIG8Ya6LvYkZqtUQGJPZjYl53ypCaUwWqo7eI0x66KBGeRo+mlBEkMSeSZ38Nw==,
      }

snapshots:
  '@types/node@24.12.2':
    dependencies:
      undici-types: 7.16.0

  prettier@3.8.1: {}

  undici-types@7.16.0: {}
